{
  "version": 4,
  "terraform_version": "0.12.16",
  "serial": 57,
  "lineage": "0f1909a3-93e0-5294-c059-2cb7f5f93dcf",
  "outputs": {
    "Broker_Address": {
      "value": [
        "132.145.83.122",
        "140.238.19.185",
        "140.238.15.9"
      ],
      "type": [
        "tuple",
        [
          "string",
          "string",
          "string"
        ]
      ]
    },
    "ZooKeeper_Address": {
      "value": [
        "132.145.80.189",
        "140.238.10.2",
        "132.145.94.202"
      ],
      "type": [
        "tuple",
        [
          "string",
          "string",
          "string"
        ]
      ]
    }
  },
  "resources": [
    {
      "mode": "data",
      "type": "oci_identity_availability_domain",
      "name": "ad",
      "provider": "provider.oci",
      "instances": [
        {
          "schema_version": 0,
          "attributes": {
            "ad_number": 1,
            "compartment_id": "ocid1.tenancy.oc1..aaaaaaaaez4bhe5yolhq6ejskarrclgjutpvygfmtfoygk7eb2hak3426zfa",
            "id": "ocid1.availabilitydomain.oc1..aaaaaaaaiewapowmrwt3u3bwrtixouwohf6cvenkslrz7lnoes3f4ns4skha",
            "name": "aRhC:AP-SEOUL-1-AD-1"
          }
        }
      ]
    },
    {
      "mode": "managed",
      "type": "oci_core_default_route_table",
      "name": "default_route_table",
      "provider": "provider.oci",
      "instances": [
        {
          "schema_version": 0,
          "attributes": {
            "defined_tags": {},
            "display_name": "DefaultRouteTable",
            "freeform_tags": {},
            "id": "ocid1.routetable.oc1.ap-seoul-1.aaaaaaaaatirec7yvxoqflr7hf2ia6y3bqazov3e7rimaamwkoqypcbcrmva",
            "manage_default_resource_id": "ocid1.routetable.oc1.ap-seoul-1.aaaaaaaaatirec7yvxoqflr7hf2ia6y3bqazov3e7rimaamwkoqypcbcrmva",
            "route_rules": [
              {
                "cidr_block": "",
                "destination": "0.0.0.0/0",
                "destination_type": "CIDR_BLOCK",
                "network_entity_id": "ocid1.internetgateway.oc1.ap-seoul-1.aaaaaaaazsk4z3hh3ucy4z66ell77ypvryqbluejfgfxupyxhxtrw2wiwm7a"
              }
            ],
            "state": "AVAILABLE",
            "time_created": "2019-11-27 07:20:33.142 +0000 UTC",
            "timeouts": null
          },
          "private": "eyJlMmJmYjczMC1lY2FhLTExZTYtOGY4OC0zNDM2M2JjN2M0YzAiOnsiY3JlYXRlIjo5MDAwMDAwMDAwMDAsImRlbGV0ZSI6OTAwMDAwMDAwMDAwLCJ1cGRhdGUiOjkwMDAwMDAwMDAwMH19",
          "dependencies": [
            "oci_core_internet_gateway.test_internet_gateway",
            "oci_core_vcn.test_vcn"
          ]
        }
      ]
    },
    {
      "mode": "managed",
      "type": "oci_core_default_security_list",
      "name": "default_security_list",
      "provider": "provider.oci",
      "instances": [
        {
          "schema_version": 0,
          "attributes": {
            "defined_tags": {},
            "display_name": "defaultSecurityList",
            "egress_security_rules": [
              {
                "destination": "0.0.0.0/0",
                "destination_type": "CIDR_BLOCK",
                "icmp_options": [],
                "protocol": "17",
                "stateless": true,
                "tcp_options": [],
                "udp_options": [
                  {
                    "max": 320,
                    "min": 319,
                    "source_port_range": []
                  }
                ]
              },
              {
                "destination": "0.0.0.0/0",
                "destination_type": "CIDR_BLOCK",
                "icmp_options": [],
                "protocol": "6",
                "stateless": false,
                "tcp_options": [],
                "udp_options": []
              }
            ],
            "freeform_tags": {},
            "id": "ocid1.securitylist.oc1.ap-seoul-1.aaaaaaaauuyukqlwmrto7bpnfnddxdsfif7vde5nut3qqj76hwdmd2gsdjdq",
            "ingress_security_rules": [
              {
                "icmp_options": [
                  {
                    "code": 4,
                    "type": 3
                  }
                ],
                "protocol": "1",
                "source": "0.0.0.0/0",
                "source_type": "CIDR_BLOCK",
                "stateless": true,
                "tcp_options": [],
                "udp_options": []
              },
              {
                "icmp_options": [],
                "protocol": "6",
                "source": "0.0.0.0/0",
                "source_type": "CIDR_BLOCK",
                "stateless": false,
                "tcp_options": [
                  {
                    "max": 1099,
                    "min": 1099,
                    "source_port_range": []
                  }
                ],
                "udp_options": []
              },
              {
                "icmp_options": [],
                "protocol": "6",
                "source": "0.0.0.0/0",
                "source_type": "CIDR_BLOCK",
                "stateless": false,
                "tcp_options": [
                  {
                    "max": 2181,
                    "min": 2181,
                    "source_port_range": []
                  }
                ],
                "udp_options": []
              },
              {
                "icmp_options": [],
                "protocol": "6",
                "source": "0.0.0.0/0",
                "source_type": "CIDR_BLOCK",
                "stateless": false,
                "tcp_options": [
                  {
                    "max": 22,
                    "min": 22,
                    "source_port_range": []
                  }
                ],
                "udp_options": []
              },
              {
                "icmp_options": [],
                "protocol": "6",
                "source": "0.0.0.0/0",
                "source_type": "CIDR_BLOCK",
                "stateless": false,
                "tcp_options": [
                  {
                    "max": 2888,
                    "min": 2888,
                    "source_port_range": []
                  }
                ],
                "udp_options": []
              },
              {
                "icmp_options": [],
                "protocol": "6",
                "source": "0.0.0.0/0",
                "source_type": "CIDR_BLOCK",
                "stateless": false,
                "tcp_options": [
                  {
                    "max": 3888,
                    "min": 3888,
                    "source_port_range": []
                  }
                ],
                "udp_options": []
              },
              {
                "icmp_options": [],
                "protocol": "6",
                "source": "0.0.0.0/0",
                "source_type": "CIDR_BLOCK",
                "stateless": false,
                "tcp_options": [
                  {
                    "max": 8081,
                    "min": 8081,
                    "source_port_range": []
                  }
                ],
                "udp_options": []
              },
              {
                "icmp_options": [],
                "protocol": "6",
                "source": "0.0.0.0/0",
                "source_type": "CIDR_BLOCK",
                "stateless": false,
                "tcp_options": [
                  {
                    "max": 8082,
                    "min": 8082,
                    "source_port_range": []
                  }
                ],
                "udp_options": []
              },
              {
                "icmp_options": [],
                "protocol": "6",
                "source": "0.0.0.0/0",
                "source_type": "CIDR_BLOCK",
                "stateless": false,
                "tcp_options": [
                  {
                    "max": 8083,
                    "min": 8083,
                    "source_port_range": []
                  }
                ],
                "udp_options": []
              },
              {
                "icmp_options": [],
                "protocol": "6",
                "source": "0.0.0.0/0",
                "source_type": "CIDR_BLOCK",
                "stateless": false,
                "tcp_options": [
                  {
                    "max": 8088,
                    "min": 8088,
                    "source_port_range": []
                  }
                ],
                "udp_options": []
              },
              {
                "icmp_options": [],
                "protocol": "6",
                "source": "0.0.0.0/0",
                "source_type": "CIDR_BLOCK",
                "stateless": false,
                "tcp_options": [
                  {
                    "max": 9091,
                    "min": 9091,
                    "source_port_range": []
                  }
                ],
                "udp_options": []
              },
              {
                "icmp_options": [],
                "protocol": "6",
                "source": "0.0.0.0/0",
                "source_type": "CIDR_BLOCK",
                "stateless": false,
                "tcp_options": [
                  {
                    "max": 9092,
                    "min": 9092,
                    "source_port_range": []
                  }
                ],
                "udp_options": []
              }
            ],
            "manage_default_resource_id": "ocid1.securitylist.oc1.ap-seoul-1.aaaaaaaauuyukqlwmrto7bpnfnddxdsfif7vde5nut3qqj76hwdmd2gsdjdq",
            "state": "AVAILABLE",
            "time_created": "2019-11-27 07:20:33.142 +0000 UTC",
            "timeouts": null
          },
          "private": "eyJlMmJmYjczMC1lY2FhLTExZTYtOGY4OC0zNDM2M2JjN2M0YzAiOnsiY3JlYXRlIjo5MDAwMDAwMDAwMDAsImRlbGV0ZSI6OTAwMDAwMDAwMDAwLCJ1cGRhdGUiOjkwMDAwMDAwMDAwMH19",
          "dependencies": [
            "oci_core_vcn.test_vcn"
          ]
        }
      ]
    },
    {
      "mode": "managed",
      "type": "oci_core_instance",
      "name": "broker",
      "each": "list",
      "provider": "provider.oci",
      "instances": [
        {
          "index_key": 0,
          "schema_version": 0,
          "attributes": {
            "agent_config": [
              {
                "is_monitoring_disabled": false
              }
            ],
            "availability_domain": "aRhC:AP-SEOUL-1-AD-1",
            "boot_volume_id": "ocid1.bootvolume.oc1.ap-seoul-1.abuwgljrnwosc7yogfxw5a6xvubtpnj7yzmhihpzi6xtp5qa6cqdnfrq36jq",
            "compartment_id": "ocid1.compartment.oc1..aaaaaaaauyxch7hglh4d5mbalk7orzovjtvidnpblcbgtooyj6qplgceyt2a",
            "create_vnic_details": [
              {
                "assign_public_ip": "true",
                "defined_tags": {},
                "display_name": "Primaryvnic",
                "freeform_tags": {
                  "BrokerSvr": "Broker0"
                },
                "hostname_label": "broker0",
                "nsg_ids": null,
                "private_ip": "10.1.20.6",
                "skip_source_dest_check": false,
                "subnet_id": "ocid1.subnet.oc1.ap-seoul-1.aaaaaaaaupkb3vvhnaj4lu62r6laa3sup2wk2az2xavpee7cs6zmmdyb5qia"
              }
            ],
            "dedicated_vm_host_id": null,
            "defined_tags": {},
            "display_name": "broker_0",
            "extended_metadata": null,
            "fault_domain": "FAULT-DOMAIN-3",
            "freeform_tags": {
              "BrokerSvr": "Broker0"
            },
            "hostname_label": "broker0",
            "id": "ocid1.instance.oc1.ap-seoul-1.anuwgljrvx5hsrycuwxnrbemjyfhewzn3ixs5t53vxtmrcn3qso2afhoabnq",
            "image": "ocid1.image.oc1.ap-seoul-1.aaaaaaaavwjewurl3nvcyq6bgpbrapk4wfwu6qz2ljlrj2yk3cfqexeq64na",
            "ipxe_script": null,
            "is_pv_encryption_in_transit_enabled": null,
            "launch_mode": "PARAVIRTUALIZED",
            "launch_options": [
              {
                "boot_volume_type": "PARAVIRTUALIZED",
                "firmware": "UEFI_64",
                "is_consistent_volume_naming_enabled": true,
                "is_pv_encryption_in_transit_enabled": true,
                "network_type": "PARAVIRTUALIZED",
                "remote_data_volume_type": "PARAVIRTUALIZED"
              }
            ],
            "metadata": {
              "ssh_authorized_keys": "ssh-rsa AAAAB3NzaC1yc2EAAAADAQABAAABAQCseyvJvkuj69LIES73qmeb04Vq01B5LkI8eZdo04ZtUbmWthYcx31izWzakRnhfX+A1VBNDRx5hMBKJQAWSdYojh6CszNkunPEifir02xWcTWfoVxsRMwCISunKv1vN5NObmzRUAJvM9iQflwlyJO1eg/aM51mXMGvitOhkCZoNzga2iH6946jMRcbpm/4beAAoeDWEQ0GPdnk2Pu/p+COKEJuh3j/d7mMbluTVFGswKxK8KoN5690+e4HQTgxVuQLLYOq/ytGKn7YNLEZ3iXx/UC5+HyvqVg7sU//IsckkyrJ9XPUxlYad5YHIlP+g586a7P8fY8yMQjNMXNgQkFf kih@IHMac.local",
              "user_data": "IyEvYmluL2Jhc2gKeXVtIHVwZGF0ZSAteQ=="
            },
            "preserve_boot_volume": null,
            "private_ip": "10.1.20.6",
            "public_ip": "132.145.83.122",
            "region": "ap-seoul-1",
            "shape": "VM.Standard.E2.2",
            "source_details": [
              {
                "boot_volume_size_in_gbs": "47",
                "kms_key_id": "",
                "source_id": "ocid1.image.oc1.ap-seoul-1.aaaaaaaavwjewurl3nvcyq6bgpbrapk4wfwu6qz2ljlrj2yk3cfqexeq64na",
                "source_type": "image"
              }
            ],
            "state": "RUNNING",
            "subnet_id": "ocid1.subnet.oc1.ap-seoul-1.aaaaaaaaupkb3vvhnaj4lu62r6laa3sup2wk2az2xavpee7cs6zmmdyb5qia",
            "system_tags": {},
            "time_created": "2019-11-27 07:20:35.379 +0000 UTC",
            "time_maintenance_reboot_due": "",
            "timeouts": {
              "create": "60m",
              "delete": null,
              "update": null
            }
          },
          "private": "eyJlMmJmYjczMC1lY2FhLTExZTYtOGY4OC0zNDM2M2JjN2M0YzAiOnsiY3JlYXRlIjozNjAwMDAwMDAwMDAwLCJkZWxldGUiOjcyMDAwMDAwMDAwMDAsInVwZGF0ZSI6NzIwMDAwMDAwMDAwMH19",
          "dependencies": [
            "oci_core_subnet.test_subnet",
            "oci_core_vcn.test_vcn"
          ]
        },
        {
          "index_key": 1,
          "schema_version": 0,
          "attributes": {
            "agent_config": [
              {
                "is_monitoring_disabled": false
              }
            ],
            "availability_domain": "aRhC:AP-SEOUL-1-AD-1",
            "boot_volume_id": "ocid1.bootvolume.oc1.ap-seoul-1.abuwgljrulpdipsmf333oqrmlyyjzrozflkaqbu5pmgpqpslamnqiixvb4jq",
            "compartment_id": "ocid1.compartment.oc1..aaaaaaaauyxch7hglh4d5mbalk7orzovjtvidnpblcbgtooyj6qplgceyt2a",
            "create_vnic_details": [
              {
                "assign_public_ip": "true",
                "defined_tags": {},
                "display_name": "Primaryvnic",
                "freeform_tags": {
                  "BrokerSvr": "Broker1"
                },
                "hostname_label": "broker1",
                "nsg_ids": null,
                "private_ip": "10.1.20.3",
                "skip_source_dest_check": false,
                "subnet_id": "ocid1.subnet.oc1.ap-seoul-1.aaaaaaaaupkb3vvhnaj4lu62r6laa3sup2wk2az2xavpee7cs6zmmdyb5qia"
              }
            ],
            "dedicated_vm_host_id": null,
            "defined_tags": {},
            "display_name": "broker_1",
            "extended_metadata": null,
            "fault_domain": "FAULT-DOMAIN-3",
            "freeform_tags": {
              "BrokerSvr": "Broker1"
            },
            "hostname_label": "broker1",
            "id": "ocid1.instance.oc1.ap-seoul-1.anuwgljrvx5hsrycxgayxhy7eauxulhbiu2n7ju6avhogxb3zd4lqzva2pea",
            "image": "ocid1.image.oc1.ap-seoul-1.aaaaaaaavwjewurl3nvcyq6bgpbrapk4wfwu6qz2ljlrj2yk3cfqexeq64na",
            "ipxe_script": null,
            "is_pv_encryption_in_transit_enabled": null,
            "launch_mode": "PARAVIRTUALIZED",
            "launch_options": [
              {
                "boot_volume_type": "PARAVIRTUALIZED",
                "firmware": "UEFI_64",
                "is_consistent_volume_naming_enabled": true,
                "is_pv_encryption_in_transit_enabled": true,
                "network_type": "PARAVIRTUALIZED",
                "remote_data_volume_type": "PARAVIRTUALIZED"
              }
            ],
            "metadata": {
              "ssh_authorized_keys": "ssh-rsa AAAAB3NzaC1yc2EAAAADAQABAAABAQCseyvJvkuj69LIES73qmeb04Vq01B5LkI8eZdo04ZtUbmWthYcx31izWzakRnhfX+A1VBNDRx5hMBKJQAWSdYojh6CszNkunPEifir02xWcTWfoVxsRMwCISunKv1vN5NObmzRUAJvM9iQflwlyJO1eg/aM51mXMGvitOhkCZoNzga2iH6946jMRcbpm/4beAAoeDWEQ0GPdnk2Pu/p+COKEJuh3j/d7mMbluTVFGswKxK8KoN5690+e4HQTgxVuQLLYOq/ytGKn7YNLEZ3iXx/UC5+HyvqVg7sU//IsckkyrJ9XPUxlYad5YHIlP+g586a7P8fY8yMQjNMXNgQkFf kih@IHMac.local",
              "user_data": "IyEvYmluL2Jhc2gKeXVtIHVwZGF0ZSAteQ=="
            },
            "preserve_boot_volume": null,
            "private_ip": "10.1.20.3",
            "public_ip": "140.238.19.185",
            "region": "ap-seoul-1",
            "shape": "VM.Standard.E2.2",
            "source_details": [
              {
                "boot_volume_size_in_gbs": "47",
                "kms_key_id": "",
                "source_id": "ocid1.image.oc1.ap-seoul-1.aaaaaaaavwjewurl3nvcyq6bgpbrapk4wfwu6qz2ljlrj2yk3cfqexeq64na",
                "source_type": "image"
              }
            ],
            "state": "RUNNING",
            "subnet_id": "ocid1.subnet.oc1.ap-seoul-1.aaaaaaaaupkb3vvhnaj4lu62r6laa3sup2wk2az2xavpee7cs6zmmdyb5qia",
            "system_tags": {},
            "time_created": "2019-11-27 07:20:35.147 +0000 UTC",
            "time_maintenance_reboot_due": "",
            "timeouts": {
              "create": "60m",
              "delete": null,
              "update": null
            }
          },
          "private": "eyJlMmJmYjczMC1lY2FhLTExZTYtOGY4OC0zNDM2M2JjN2M0YzAiOnsiY3JlYXRlIjozNjAwMDAwMDAwMDAwLCJkZWxldGUiOjcyMDAwMDAwMDAwMDAsInVwZGF0ZSI6NzIwMDAwMDAwMDAwMH19",
          "dependencies": [
            "oci_core_subnet.test_subnet",
            "oci_core_vcn.test_vcn"
          ]
        },
        {
          "index_key": 2,
          "schema_version": 0,
          "attributes": {
            "agent_config": [
              {
                "is_monitoring_disabled": false
              }
            ],
            "availability_domain": "aRhC:AP-SEOUL-1-AD-1",
            "boot_volume_id": "ocid1.bootvolume.oc1.ap-seoul-1.abuwgljresuhzec3lkh5zwqjuqfz3hwcizwf5vkdbna2p7w4ovfqaywigrfq",
            "compartment_id": "ocid1.compartment.oc1..aaaaaaaauyxch7hglh4d5mbalk7orzovjtvidnpblcbgtooyj6qplgceyt2a",
            "create_vnic_details": [
              {
                "assign_public_ip": "true",
                "defined_tags": {},
                "display_name": "Primaryvnic",
                "freeform_tags": {
                  "BrokerSvr": "Broker2"
                },
                "hostname_label": "broker2",
                "nsg_ids": null,
                "private_ip": "10.1.20.4",
                "skip_source_dest_check": false,
                "subnet_id": "ocid1.subnet.oc1.ap-seoul-1.aaaaaaaaupkb3vvhnaj4lu62r6laa3sup2wk2az2xavpee7cs6zmmdyb5qia"
              }
            ],
            "dedicated_vm_host_id": null,
            "defined_tags": {},
            "display_name": "broker_2",
            "extended_metadata": null,
            "fault_domain": "FAULT-DOMAIN-1",
            "freeform_tags": {
              "BrokerSvr": "Broker2"
            },
            "hostname_label": "broker2",
            "id": "ocid1.instance.oc1.ap-seoul-1.anuwgljrvx5hsrycqur55rf6nzcxdoa56vhxvlq7qhy7jpvolhv6wssteuva",
            "image": "ocid1.image.oc1.ap-seoul-1.aaaaaaaavwjewurl3nvcyq6bgpbrapk4wfwu6qz2ljlrj2yk3cfqexeq64na",
            "ipxe_script": null,
            "is_pv_encryption_in_transit_enabled": null,
            "launch_mode": "NATIVE",
            "launch_options": [
              {
                "boot_volume_type": "PARAVIRTUALIZED",
                "firmware": "UEFI_64",
                "is_consistent_volume_naming_enabled": true,
                "is_pv_encryption_in_transit_enabled": true,
                "network_type": "PARAVIRTUALIZED",
                "remote_data_volume_type": "PARAVIRTUALIZED"
              }
            ],
            "metadata": {
              "ssh_authorized_keys": "ssh-rsa AAAAB3NzaC1yc2EAAAADAQABAAABAQCseyvJvkuj69LIES73qmeb04Vq01B5LkI8eZdo04ZtUbmWthYcx31izWzakRnhfX+A1VBNDRx5hMBKJQAWSdYojh6CszNkunPEifir02xWcTWfoVxsRMwCISunKv1vN5NObmzRUAJvM9iQflwlyJO1eg/aM51mXMGvitOhkCZoNzga2iH6946jMRcbpm/4beAAoeDWEQ0GPdnk2Pu/p+COKEJuh3j/d7mMbluTVFGswKxK8KoN5690+e4HQTgxVuQLLYOq/ytGKn7YNLEZ3iXx/UC5+HyvqVg7sU//IsckkyrJ9XPUxlYad5YHIlP+g586a7P8fY8yMQjNMXNgQkFf kih@IHMac.local",
              "user_data": "IyEvYmluL2Jhc2gKeXVtIHVwZGF0ZSAteQ=="
            },
            "preserve_boot_volume": null,
            "private_ip": "10.1.20.4",
            "public_ip": "140.238.15.9",
            "region": "ap-seoul-1",
            "shape": "VM.Standard2.1",
            "source_details": [
              {
                "boot_volume_size_in_gbs": "47",
                "kms_key_id": "",
                "source_id": "ocid1.image.oc1.ap-seoul-1.aaaaaaaavwjewurl3nvcyq6bgpbrapk4wfwu6qz2ljlrj2yk3cfqexeq64na",
                "source_type": "image"
              }
            ],
            "state": "RUNNING",
            "subnet_id": "ocid1.subnet.oc1.ap-seoul-1.aaaaaaaaupkb3vvhnaj4lu62r6laa3sup2wk2az2xavpee7cs6zmmdyb5qia",
            "system_tags": {},
            "time_created": "2019-11-27 07:20:35.914 +0000 UTC",
            "time_maintenance_reboot_due": "",
            "timeouts": {
              "create": "60m",
              "delete": null,
              "update": null
            }
          },
          "private": "eyJlMmJmYjczMC1lY2FhLTExZTYtOGY4OC0zNDM2M2JjN2M0YzAiOnsiY3JlYXRlIjozNjAwMDAwMDAwMDAwLCJkZWxldGUiOjcyMDAwMDAwMDAwMDAsInVwZGF0ZSI6NzIwMDAwMDAwMDAwMH19",
          "dependencies": [
            "oci_core_subnet.test_subnet",
            "oci_core_vcn.test_vcn"
          ]
        }
      ]
    },
    {
      "mode": "managed",
      "type": "oci_core_instance",
      "name": "zookeeper",
      "each": "list",
      "provider": "provider.oci",
      "instances": [
        {
          "index_key": 0,
          "schema_version": 0,
          "attributes": {
            "agent_config": [
              {
                "is_monitoring_disabled": false
              }
            ],
            "availability_domain": "aRhC:AP-SEOUL-1-AD-1",
            "boot_volume_id": "ocid1.bootvolume.oc1.ap-seoul-1.abuwgljroii6lxpn56tel6ymr7ol4yxtexcw3tgxrh76htppj6swkngbwbaa",
            "compartment_id": "ocid1.compartment.oc1..aaaaaaaauyxch7hglh4d5mbalk7orzovjtvidnpblcbgtooyj6qplgceyt2a",
            "create_vnic_details": [
              {
                "assign_public_ip": "true",
                "defined_tags": {},
                "display_name": "Primaryvnic",
                "freeform_tags": {
                  "ZooKeeperSvr": "ZooKeeper0"
                },
                "hostname_label": "zookeeper0",
                "nsg_ids": null,
                "private_ip": "10.1.20.7",
                "skip_source_dest_check": false,
                "subnet_id": "ocid1.subnet.oc1.ap-seoul-1.aaaaaaaaupkb3vvhnaj4lu62r6laa3sup2wk2az2xavpee7cs6zmmdyb5qia"
              }
            ],
            "dedicated_vm_host_id": null,
            "defined_tags": {},
            "display_name": "zookeeper_0",
            "extended_metadata": null,
            "fault_domain": "FAULT-DOMAIN-1",
            "freeform_tags": {
              "ZooKeeperSvr": "ZooKeeper0"
            },
            "hostname_label": "zookeeper0",
            "id": "ocid1.instance.oc1.ap-seoul-1.anuwgljrvx5hsrycspuiwko64kp76cqutnbmnqfr273mxjxxfuycprvlwqkq",
            "image": "ocid1.image.oc1.ap-seoul-1.aaaaaaaavwjewurl3nvcyq6bgpbrapk4wfwu6qz2ljlrj2yk3cfqexeq64na",
            "ipxe_script": null,
            "is_pv_encryption_in_transit_enabled": null,
            "launch_mode": "NATIVE",
            "launch_options": [
              {
                "boot_volume_type": "PARAVIRTUALIZED",
                "firmware": "UEFI_64",
                "is_consistent_volume_naming_enabled": true,
                "is_pv_encryption_in_transit_enabled": true,
                "network_type": "PARAVIRTUALIZED",
                "remote_data_volume_type": "PARAVIRTUALIZED"
              }
            ],
            "metadata": {
              "ssh_authorized_keys": "ssh-rsa AAAAB3NzaC1yc2EAAAADAQABAAABAQCseyvJvkuj69LIES73qmeb04Vq01B5LkI8eZdo04ZtUbmWthYcx31izWzakRnhfX+A1VBNDRx5hMBKJQAWSdYojh6CszNkunPEifir02xWcTWfoVxsRMwCISunKv1vN5NObmzRUAJvM9iQflwlyJO1eg/aM51mXMGvitOhkCZoNzga2iH6946jMRcbpm/4beAAoeDWEQ0GPdnk2Pu/p+COKEJuh3j/d7mMbluTVFGswKxK8KoN5690+e4HQTgxVuQLLYOq/ytGKn7YNLEZ3iXx/UC5+HyvqVg7sU//IsckkyrJ9XPUxlYad5YHIlP+g586a7P8fY8yMQjNMXNgQkFf kih@IHMac.local",
              "user_data": "IyEvYmluL2Jhc2gKeXVtIHVwZGF0ZSAteQ=="
            },
            "preserve_boot_volume": null,
            "private_ip": "10.1.20.7",
            "public_ip": "132.145.80.189",
            "region": "ap-seoul-1",
            "shape": "VM.Standard2.1",
            "source_details": [
              {
                "boot_volume_size_in_gbs": "47",
                "kms_key_id": "",
                "source_id": "ocid1.image.oc1.ap-seoul-1.aaaaaaaavwjewurl3nvcyq6bgpbrapk4wfwu6qz2ljlrj2yk3cfqexeq64na",
                "source_type": "image"
              }
            ],
            "state": "RUNNING",
            "subnet_id": "ocid1.subnet.oc1.ap-seoul-1.aaaaaaaaupkb3vvhnaj4lu62r6laa3sup2wk2az2xavpee7cs6zmmdyb5qia",
            "system_tags": {},
            "time_created": "2019-11-27 07:20:35.423 +0000 UTC",
            "time_maintenance_reboot_due": "",
            "timeouts": {
              "create": "60m",
              "delete": null,
              "update": null
            }
          },
          "private": "eyJlMmJmYjczMC1lY2FhLTExZTYtOGY4OC0zNDM2M2JjN2M0YzAiOnsiY3JlYXRlIjozNjAwMDAwMDAwMDAwLCJkZWxldGUiOjcyMDAwMDAwMDAwMDAsInVwZGF0ZSI6NzIwMDAwMDAwMDAwMH19",
          "dependencies": [
            "oci_core_subnet.test_subnet",
            "oci_core_vcn.test_vcn"
          ]
        },
        {
          "index_key": 1,
          "schema_version": 0,
          "attributes": {
            "agent_config": [
              {
                "is_monitoring_disabled": false
              }
            ],
            "availability_domain": "aRhC:AP-SEOUL-1-AD-1",
            "boot_volume_id": "ocid1.bootvolume.oc1.ap-seoul-1.abuwgljrahxjbgbopu3dy2yba6oum7feg2tfgzi5uokkxw4wto53qcskhzeq",
            "compartment_id": "ocid1.compartment.oc1..aaaaaaaauyxch7hglh4d5mbalk7orzovjtvidnpblcbgtooyj6qplgceyt2a",
            "create_vnic_details": [
              {
                "assign_public_ip": "true",
                "defined_tags": {},
                "display_name": "Primaryvnic",
                "freeform_tags": {
                  "ZooKeeperSvr": "ZooKeeper1"
                },
                "hostname_label": "zookeeper1",
                "nsg_ids": null,
                "private_ip": "10.1.20.5",
                "skip_source_dest_check": false,
                "subnet_id": "ocid1.subnet.oc1.ap-seoul-1.aaaaaaaaupkb3vvhnaj4lu62r6laa3sup2wk2az2xavpee7cs6zmmdyb5qia"
              }
            ],
            "dedicated_vm_host_id": null,
            "defined_tags": {},
            "display_name": "zookeeper_1",
            "extended_metadata": null,
            "fault_domain": "FAULT-DOMAIN-2",
            "freeform_tags": {
              "ZooKeeperSvr": "ZooKeeper1"
            },
            "hostname_label": "zookeeper1",
            "id": "ocid1.instance.oc1.ap-seoul-1.anuwgljrvx5hsrychkbq64gketan2eo65nxyzvrrwojb563mynm5adohxnoq",
            "image": "ocid1.image.oc1.ap-seoul-1.aaaaaaaavwjewurl3nvcyq6bgpbrapk4wfwu6qz2ljlrj2yk3cfqexeq64na",
            "ipxe_script": null,
            "is_pv_encryption_in_transit_enabled": null,
            "launch_mode": "PARAVIRTUALIZED",
            "launch_options": [
              {
                "boot_volume_type": "PARAVIRTUALIZED",
                "firmware": "UEFI_64",
                "is_consistent_volume_naming_enabled": true,
                "is_pv_encryption_in_transit_enabled": true,
                "network_type": "PARAVIRTUALIZED",
                "remote_data_volume_type": "PARAVIRTUALIZED"
              }
            ],
            "metadata": {
              "ssh_authorized_keys": "ssh-rsa AAAAB3NzaC1yc2EAAAADAQABAAABAQCseyvJvkuj69LIES73qmeb04Vq01B5LkI8eZdo04ZtUbmWthYcx31izWzakRnhfX+A1VBNDRx5hMBKJQAWSdYojh6CszNkunPEifir02xWcTWfoVxsRMwCISunKv1vN5NObmzRUAJvM9iQflwlyJO1eg/aM51mXMGvitOhkCZoNzga2iH6946jMRcbpm/4beAAoeDWEQ0GPdnk2Pu/p+COKEJuh3j/d7mMbluTVFGswKxK8KoN5690+e4HQTgxVuQLLYOq/ytGKn7YNLEZ3iXx/UC5+HyvqVg7sU//IsckkyrJ9XPUxlYad5YHIlP+g586a7P8fY8yMQjNMXNgQkFf kih@IHMac.local",
              "user_data": "IyEvYmluL2Jhc2gKeXVtIHVwZGF0ZSAteQ=="
            },
            "preserve_boot_volume": null,
            "private_ip": "10.1.20.5",
            "public_ip": "140.238.10.2",
            "region": "ap-seoul-1",
            "shape": "VM.Standard.E2.1",
            "source_details": [
              {
                "boot_volume_size_in_gbs": "47",
                "kms_key_id": "",
                "source_id": "ocid1.image.oc1.ap-seoul-1.aaaaaaaavwjewurl3nvcyq6bgpbrapk4wfwu6qz2ljlrj2yk3cfqexeq64na",
                "source_type": "image"
              }
            ],
            "state": "RUNNING",
            "subnet_id": "ocid1.subnet.oc1.ap-seoul-1.aaaaaaaaupkb3vvhnaj4lu62r6laa3sup2wk2az2xavpee7cs6zmmdyb5qia",
            "system_tags": {},
            "time_created": "2019-11-27 07:20:35.112 +0000 UTC",
            "time_maintenance_reboot_due": "",
            "timeouts": {
              "create": "60m",
              "delete": null,
              "update": null
            }
          },
          "private": "eyJlMmJmYjczMC1lY2FhLTExZTYtOGY4OC0zNDM2M2JjN2M0YzAiOnsiY3JlYXRlIjozNjAwMDAwMDAwMDAwLCJkZWxldGUiOjcyMDAwMDAwMDAwMDAsInVwZGF0ZSI6NzIwMDAwMDAwMDAwMH19",
          "dependencies": [
            "oci_core_subnet.test_subnet",
            "oci_core_vcn.test_vcn"
          ]
        },
        {
          "index_key": 2,
          "schema_version": 0,
          "attributes": {
            "agent_config": [
              {
                "is_monitoring_disabled": false
              }
            ],
            "availability_domain": "aRhC:AP-SEOUL-1-AD-1",
            "boot_volume_id": "ocid1.bootvolume.oc1.ap-seoul-1.abuwgljrzdqsbsr5536baevloxknctyblquhkymm5oc6glbqb2x3cmkjoi4a",
            "compartment_id": "ocid1.compartment.oc1..aaaaaaaauyxch7hglh4d5mbalk7orzovjtvidnpblcbgtooyj6qplgceyt2a",
            "create_vnic_details": [
              {
                "assign_public_ip": "true",
                "defined_tags": {},
                "display_name": "Primaryvnic",
                "freeform_tags": {
                  "ZooKeeperSvr": "ZooKeeper2"
                },
                "hostname_label": "zookeeper2",
                "nsg_ids": null,
                "private_ip": "10.1.20.2",
                "skip_source_dest_check": false,
                "subnet_id": "ocid1.subnet.oc1.ap-seoul-1.aaaaaaaaupkb3vvhnaj4lu62r6laa3sup2wk2az2xavpee7cs6zmmdyb5qia"
              }
            ],
            "dedicated_vm_host_id": null,
            "defined_tags": {},
            "display_name": "zookeeper_2",
            "extended_metadata": null,
            "fault_domain": "FAULT-DOMAIN-3",
            "freeform_tags": {
              "ZooKeeperSvr": "ZooKeeper2"
            },
            "hostname_label": "zookeeper2",
            "id": "ocid1.instance.oc1.ap-seoul-1.anuwgljrvx5hsryco2xuu67bbop4jnrc24hfrzto6juylz4csnwgftwjy6wa",
            "image": "ocid1.image.oc1.ap-seoul-1.aaaaaaaavwjewurl3nvcyq6bgpbrapk4wfwu6qz2ljlrj2yk3cfqexeq64na",
            "ipxe_script": null,
            "is_pv_encryption_in_transit_enabled": null,
            "launch_mode": "PARAVIRTUALIZED",
            "launch_options": [
              {
                "boot_volume_type": "PARAVIRTUALIZED",
                "firmware": "UEFI_64",
                "is_consistent_volume_naming_enabled": true,
                "is_pv_encryption_in_transit_enabled": true,
                "network_type": "PARAVIRTUALIZED",
                "remote_data_volume_type": "PARAVIRTUALIZED"
              }
            ],
            "metadata": {
              "ssh_authorized_keys": "ssh-rsa AAAAB3NzaC1yc2EAAAADAQABAAABAQCseyvJvkuj69LIES73qmeb04Vq01B5LkI8eZdo04ZtUbmWthYcx31izWzakRnhfX+A1VBNDRx5hMBKJQAWSdYojh6CszNkunPEifir02xWcTWfoVxsRMwCISunKv1vN5NObmzRUAJvM9iQflwlyJO1eg/aM51mXMGvitOhkCZoNzga2iH6946jMRcbpm/4beAAoeDWEQ0GPdnk2Pu/p+COKEJuh3j/d7mMbluTVFGswKxK8KoN5690+e4HQTgxVuQLLYOq/ytGKn7YNLEZ3iXx/UC5+HyvqVg7sU//IsckkyrJ9XPUxlYad5YHIlP+g586a7P8fY8yMQjNMXNgQkFf kih@IHMac.local",
              "user_data": "IyEvYmluL2Jhc2gKeXVtIHVwZGF0ZSAteQ=="
            },
            "preserve_boot_volume": null,
            "private_ip": "10.1.20.2",
            "public_ip": "132.145.94.202",
            "region": "ap-seoul-1",
            "shape": "VM.Standard.E2.1",
            "source_details": [
              {
                "boot_volume_size_in_gbs": "47",
                "kms_key_id": "",
                "source_id": "ocid1.image.oc1.ap-seoul-1.aaaaaaaavwjewurl3nvcyq6bgpbrapk4wfwu6qz2ljlrj2yk3cfqexeq64na",
                "source_type": "image"
              }
            ],
            "state": "RUNNING",
            "subnet_id": "ocid1.subnet.oc1.ap-seoul-1.aaaaaaaaupkb3vvhnaj4lu62r6laa3sup2wk2az2xavpee7cs6zmmdyb5qia",
            "system_tags": {},
            "time_created": "2019-11-27 07:20:35.416 +0000 UTC",
            "time_maintenance_reboot_due": "",
            "timeouts": {
              "create": "60m",
              "delete": null,
              "update": null
            }
          },
          "private": "eyJlMmJmYjczMC1lY2FhLTExZTYtOGY4OC0zNDM2M2JjN2M0YzAiOnsiY3JlYXRlIjozNjAwMDAwMDAwMDAwLCJkZWxldGUiOjcyMDAwMDAwMDAwMDAsInVwZGF0ZSI6NzIwMDAwMDAwMDAwMH19",
          "dependencies": [
            "oci_core_subnet.test_subnet",
            "oci_core_vcn.test_vcn"
          ]
        }
      ]
    },
    {
      "mode": "managed",
      "type": "oci_core_internet_gateway",
      "name": "test_internet_gateway",
      "provider": "provider.oci",
      "instances": [
        {
          "schema_version": 0,
          "attributes": {
            "compartment_id": "ocid1.compartment.oc1..aaaaaaaauyxch7hglh4d5mbalk7orzovjtvidnpblcbgtooyj6qplgceyt2a",
            "defined_tags": {},
            "display_name": "KafkaInternetGateway",
            "enabled": true,
            "freeform_tags": {},
            "id": "ocid1.internetgateway.oc1.ap-seoul-1.aaaaaaaazsk4z3hh3ucy4z66ell77ypvryqbluejfgfxupyxhxtrw2wiwm7a",
            "state": "AVAILABLE",
            "time_created": "2019-11-27 07:20:33.677 +0000 UTC",
            "timeouts": null,
            "vcn_id": "ocid1.vcn.oc1.ap-seoul-1.aaaaaaaaxdvxpvruogdtz2fegehmsnoebhxfj7aktbifqoupaprvq62ptmda"
          },
          "private": "eyJlMmJmYjczMC1lY2FhLTExZTYtOGY4OC0zNDM2M2JjN2M0YzAiOnsiY3JlYXRlIjo5MDAwMDAwMDAwMDAsImRlbGV0ZSI6OTAwMDAwMDAwMDAwLCJ1cGRhdGUiOjkwMDAwMDAwMDAwMH19",
          "dependencies": [
            "oci_core_vcn.test_vcn"
          ]
        }
      ]
    },
    {
      "mode": "managed",
      "type": "oci_core_subnet",
      "name": "test_subnet",
      "provider": "provider.oci",
      "instances": [
        {
          "schema_version": 0,
          "attributes": {
            "availability_domain": "aRhC:AP-SEOUL-1-AD-1",
            "cidr_block": "10.1.20.0/24",
            "compartment_id": "ocid1.compartment.oc1..aaaaaaaauyxch7hglh4d5mbalk7orzovjtvidnpblcbgtooyj6qplgceyt2a",
            "defined_tags": {},
            "dhcp_options_id": "ocid1.dhcpoptions.oc1.ap-seoul-1.aaaaaaaaf3snz6orp2vtbtgskoi37zte5r2xcyeuv3sztukh6bihwscqrhpa",
            "display_name": "KafkaSubnet",
            "dns_label": "kafkasubnet",
            "freeform_tags": {},
            "id": "ocid1.subnet.oc1.ap-seoul-1.aaaaaaaaupkb3vvhnaj4lu62r6laa3sup2wk2az2xavpee7cs6zmmdyb5qia",
            "ipv6cidr_block": null,
            "ipv6public_cidr_block": null,
            "ipv6virtual_router_ip": null,
            "prohibit_public_ip_on_vnic": false,
            "route_table_id": "ocid1.routetable.oc1.ap-seoul-1.aaaaaaaaatirec7yvxoqflr7hf2ia6y3bqazov3e7rimaamwkoqypcbcrmva",
            "security_list_ids": [
              "ocid1.securitylist.oc1.ap-seoul-1.aaaaaaaauuyukqlwmrto7bpnfnddxdsfif7vde5nut3qqj76hwdmd2gsdjdq"
            ],
            "state": "AVAILABLE",
            "subnet_domain_name": "kafkasubnet.kafkavcn.oraclevcn.com",
            "time_created": "2019-11-27 07:20:33.948 +0000 UTC",
            "timeouts": null,
            "vcn_id": "ocid1.vcn.oc1.ap-seoul-1.aaaaaaaaxdvxpvruogdtz2fegehmsnoebhxfj7aktbifqoupaprvq62ptmda",
            "virtual_router_ip": "10.1.20.1",
            "virtual_router_mac": "00:00:17:10:B6:1A"
          },
          "private": "eyJlMmJmYjczMC1lY2FhLTExZTYtOGY4OC0zNDM2M2JjN2M0YzAiOnsiY3JlYXRlIjo5MDAwMDAwMDAwMDAsImRlbGV0ZSI6OTAwMDAwMDAwMDAwLCJ1cGRhdGUiOjkwMDAwMDAwMDAwMH19",
          "dependencies": [
            "oci_core_vcn.test_vcn"
          ]
        }
      ]
    },
    {
      "mode": "managed",
      "type": "oci_core_vcn",
      "name": "test_vcn",
      "provider": "provider.oci",
      "instances": [
        {
          "schema_version": 0,
          "attributes": {
            "cidr_block": "10.1.0.0/16",
            "compartment_id": "ocid1.compartment.oc1..aaaaaaaauyxch7hglh4d5mbalk7orzovjtvidnpblcbgtooyj6qplgceyt2a",
            "default_dhcp_options_id": "ocid1.dhcpoptions.oc1.ap-seoul-1.aaaaaaaaf3snz6orp2vtbtgskoi37zte5r2xcyeuv3sztukh6bihwscqrhpa",
            "default_route_table_id": "ocid1.routetable.oc1.ap-seoul-1.aaaaaaaaatirec7yvxoqflr7hf2ia6y3bqazov3e7rimaamwkoqypcbcrmva",
            "default_security_list_id": "ocid1.securitylist.oc1.ap-seoul-1.aaaaaaaauuyukqlwmrto7bpnfnddxdsfif7vde5nut3qqj76hwdmd2gsdjdq",
            "defined_tags": {},
            "display_name": "KafkaVcn",
            "dns_label": "kafkavcn",
            "freeform_tags": {},
            "id": "ocid1.vcn.oc1.ap-seoul-1.aaaaaaaaxdvxpvruogdtz2fegehmsnoebhxfj7aktbifqoupaprvq62ptmda",
            "ipv6cidr_block": null,
            "ipv6public_cidr_block": null,
            "is_ipv6enabled": null,
            "state": "AVAILABLE",
            "time_created": "2019-11-27 07:20:33.142 +0000 UTC",
            "timeouts": null,
            "vcn_domain_name": "kafkavcn.oraclevcn.com"
          },
          "private": "eyJlMmJmYjczMC1lY2FhLTExZTYtOGY4OC0zNDM2M2JjN2M0YzAiOnsiY3JlYXRlIjo5MDAwMDAwMDAwMDAsImRlbGV0ZSI6OTAwMDAwMDAwMDAwLCJ1cGRhdGUiOjkwMDAwMDAwMDAwMH19"
        }
      ]
    }
  ]
}
